
Microsoft Visual Studio Solution File, Format Version 12.00
# Visual Studio 15
VisualStudioVersion = 15.0.28010.2046
MinimumVisualStudioVersion = 10.0.40219.1
Project("{FAE04EC0-301F-11D3-BF4B-00C04F79EFBC}") = "Store.WEB", "Store\Store.WEB.csproj", "{ACADA664-072F-4432-9D2E-B029FC876276}"
EndProject
Project("{FAE04EC0-301F-11D3-BF4B-00C04F79EFBC}") = "Store.DAL", "Store.DAL\Store.DAL.csproj", "{7E400D7A-39A5-4F0C-BD16-2EE8A8A836CB}"
EndProject
Global
	GlobalSection(SolutionConfigurationPlatforms) = preSolution
		Debug|Any CPU = Debug|Any CPU
		Release|Any CPU = Release|Any CPU
	EndGlobalSection
	GlobalSection(ProjectConfigurationPlatforms) = postSolution
		{ACADA664-072F-4432-9D2E-B029FC876276}.Debug|Any CPU.ActiveCfg = Debug|Any CPU
		{ACADA664-072F-4432-9D2E-B029FC876276}.Debug|Any CPU.Build.0 = Debug|Any CPU
		{ACADA664-072F-4432-9D2E-B029FC876276}.Release|Any CPU.ActiveCfg = Release|Any CPU
		{ACADA664-072F-4432-9D2E-B029FC876276}.Release|Any CPU.Build.0 = Release|Any CPU
		{7E400D7A-39A5-4F0C-BD16-2EE8A8A836CB}.Debug|Any CPU.ActiveCfg = Debug|Any CPU
		{7E400D7A-39A5-4F0C-BD16-2EE8A8A836CB}.Debug|Any CPU.Build.0 = Debug|Any CPU
		{7E400D7A-39A5-4F0C-BD16-2EE8A8A836CB}.Release|Any CPU.ActiveCfg = Release|Any CPU
		{7E400D7A-39A5-4F0C-BD16-2EE8A8A836CB}.Release|Any CPU.Build.0 = Release|Any CPU
	EndGlobalSection
	GlobalSection(SolutionProperties) = preSolution
		HideSolutionNode = FALSE
	EndGlobalSection
	GlobalSection(ExtensibilityGlobals) = postSolution
		SolutionGuid = {12AA1693-9467-4F1D-BB5B-BE3C6C173C7F}
	EndGlobalSection
EndGlobal
